
Microsoft Visual Studio Solution File, Format Version 12.00
# Visual Studio Version 17
VisualStudioVersion = 17.7.34221.43
MinimumVisualStudioVersion = 10.0.40219.1
Project("{2150E333-8FDC-42A3-9474-1A3956D46DE8}") = "Services", "Services", "{64F5E1A3-FD66-4A7B-B88B-6C1CF91B69CB}"
EndProject
Project("{9A19103F-16F7-4668-BE54-9A1E7A4F7556}") = "CouponAPI", "..\CouponAPI\CouponAPI.csproj", "{F8889BB8-0CBF-4423-BB5C-07012DCD00C6}"
EndProject
Project("{9A19103F-16F7-4668-BE54-9A1E7A4F7556}") = "UserAPI", "..\UserAPI\UserAPI.csproj", "{8D1E8D45-32F3-4473-B686-EDD7D9F43CE4}"
EndProject
Project("{9A19103F-16F7-4668-BE54-9A1E7A4F7556}") = "AuthenticationAPI", "..\AuthenticationAPI\AuthenticationAPI.csproj", "{7CF007E7-B3E3-4E70-AF78-19F53D79F377}"
EndProject
Project("{9A19103F-16F7-4668-BE54-9A1E7A4F7556}") = "PayementAPI", "..\PayementAPI\PayementAPI.csproj", "{A18EA682-764C-44FE-A3D6-494DF5A3C0E7}"
	ProjectSection(ProjectDependencies) = postProject
		{8D1E8D45-32F3-4473-B686-EDD7D9F43CE4} = {8D1E8D45-32F3-4473-B686-EDD7D9F43CE4}
	EndProjectSection
EndProject
Project("{9A19103F-16F7-4668-BE54-9A1E7A4F7556}") = "CartAPI", "..\CartAPI\CartAPI.csproj", "{89E04261-408E-4F85-89AF-4D903B794560}"
	ProjectSection(ProjectDependencies) = postProject
		{8D1E8D45-32F3-4473-B686-EDD7D9F43CE4} = {8D1E8D45-32F3-4473-B686-EDD7D9F43CE4}
		{93E77EA7-9207-4CA5-8342-4388D1950A4C} = {93E77EA7-9207-4CA5-8342-4388D1950A4C}
		{A18EA682-764C-44FE-A3D6-494DF5A3C0E7} = {A18EA682-764C-44FE-A3D6-494DF5A3C0E7}
	EndProjectSection
EndProject
Project("{9A19103F-16F7-4668-BE54-9A1E7A4F7556}") = "ProductsAPI", "..\MobileAPI\ProductsAPI.csproj", "{93E77EA7-9207-4CA5-8342-4388D1950A4C}"
	ProjectSection(ProjectDependencies) = postProject
		{8D1E8D45-32F3-4473-B686-EDD7D9F43CE4} = {8D1E8D45-32F3-4473-B686-EDD7D9F43CE4}
		{A18EA682-764C-44FE-A3D6-494DF5A3C0E7} = {A18EA682-764C-44FE-A3D6-494DF5A3C0E7}
		{F8889BB8-0CBF-4423-BB5C-07012DCD00C6} = {F8889BB8-0CBF-4423-BB5C-07012DCD00C6}
	EndProjectSection
EndProject
Project("{9A19103F-16F7-4668-BE54-9A1E7A4F7556}") = "HomeAPI", "HomeAPI\HomeAPI.csproj", "{0DC275BF-2075-4E54-9DB4-A2AE3853BA0E}"
EndProject
Global
	GlobalSection(SolutionConfigurationPlatforms) = preSolution
		Debug|Any CPU = Debug|Any CPU
		Release|Any CPU = Release|Any CPU
	EndGlobalSection
	GlobalSection(ProjectConfigurationPlatforms) = postSolution
		{F8889BB8-0CBF-4423-BB5C-07012DCD00C6}.Debug|Any CPU.ActiveCfg = Debug|Any CPU
		{F8889BB8-0CBF-4423-BB5C-07012DCD00C6}.Debug|Any CPU.Build.0 = Debug|Any CPU
		{F8889BB8-0CBF-4423-BB5C-07012DCD00C6}.Release|Any CPU.ActiveCfg = Release|Any CPU
		{F8889BB8-0CBF-4423-BB5C-07012DCD00C6}.Release|Any CPU.Build.0 = Release|Any CPU
		{8D1E8D45-32F3-4473-B686-EDD7D9F43CE4}.Debug|Any CPU.ActiveCfg = Debug|Any CPU
		{8D1E8D45-32F3-4473-B686-EDD7D9F43CE4}.Debug|Any CPU.Build.0 = Debug|Any CPU
		{8D1E8D45-32F3-4473-B686-EDD7D9F43CE4}.Release|Any CPU.ActiveCfg = Release|Any CPU
		{8D1E8D45-32F3-4473-B686-EDD7D9F43CE4}.Release|Any CPU.Build.0 = Release|Any CPU
		{7CF007E7-B3E3-4E70-AF78-19F53D79F377}.Debug|Any CPU.ActiveCfg = Debug|Any CPU
		{7CF007E7-B3E3-4E70-AF78-19F53D79F377}.Debug|Any CPU.Build.0 = Debug|Any CPU
		{7CF007E7-B3E3-4E70-AF78-19F53D79F377}.Release|Any CPU.ActiveCfg = Release|Any CPU
		{7CF007E7-B3E3-4E70-AF78-19F53D79F377}.Release|Any CPU.Build.0 = Release|Any CPU
		{A18EA682-764C-44FE-A3D6-494DF5A3C0E7}.Debug|Any CPU.ActiveCfg = Debug|Any CPU
		{A18EA682-764C-44FE-A3D6-494DF5A3C0E7}.Debug|Any CPU.Build.0 = Debug|Any CPU
		{A18EA682-764C-44FE-A3D6-494DF5A3C0E7}.Release|Any CPU.ActiveCfg = Release|Any CPU
		{A18EA682-764C-44FE-A3D6-494DF5A3C0E7}.Release|Any CPU.Build.0 = Release|Any CPU
		{89E04261-408E-4F85-89AF-4D903B794560}.Debug|Any CPU.ActiveCfg = Debug|Any CPU
		{89E04261-408E-4F85-89AF-4D903B794560}.Debug|Any CPU.Build.0 = Debug|Any CPU
		{89E04261-408E-4F85-89AF-4D903B794560}.Release|Any CPU.ActiveCfg = Release|Any CPU
		{89E04261-408E-4F85-89AF-4D903B794560}.Release|Any CPU.Build.0 = Release|Any CPU
		{93E77EA7-9207-4CA5-8342-4388D1950A4C}.Debug|Any CPU.ActiveCfg = Debug|Any CPU
		{93E77EA7-9207-4CA5-8342-4388D1950A4C}.Debug|Any CPU.Build.0 = Debug|Any CPU
		{93E77EA7-9207-4CA5-8342-4388D1950A4C}.Release|Any CPU.ActiveCfg = Release|Any CPU
		{93E77EA7-9207-4CA5-8342-4388D1950A4C}.Release|Any CPU.Build.0 = Release|Any CPU
		{0DC275BF-2075-4E54-9DB4-A2AE3853BA0E}.Debug|Any CPU.ActiveCfg = Debug|Any CPU
		{0DC275BF-2075-4E54-9DB4-A2AE3853BA0E}.Debug|Any CPU.Build.0 = Debug|Any CPU
		{0DC275BF-2075-4E54-9DB4-A2AE3853BA0E}.Release|Any CPU.ActiveCfg = Release|Any CPU
		{0DC275BF-2075-4E54-9DB4-A2AE3853BA0E}.Release|Any CPU.Build.0 = Release|Any CPU
	EndGlobalSection
	GlobalSection(SolutionProperties) = preSolution
		HideSolutionNode = FALSE
	EndGlobalSection
	GlobalSection(NestedProjects) = preSolution
		{F8889BB8-0CBF-4423-BB5C-07012DCD00C6} = {64F5E1A3-FD66-4A7B-B88B-6C1CF91B69CB}
		{8D1E8D45-32F3-4473-B686-EDD7D9F43CE4} = {64F5E1A3-FD66-4A7B-B88B-6C1CF91B69CB}
		{7CF007E7-B3E3-4E70-AF78-19F53D79F377} = {64F5E1A3-FD66-4A7B-B88B-6C1CF91B69CB}
		{A18EA682-764C-44FE-A3D6-494DF5A3C0E7} = {64F5E1A3-FD66-4A7B-B88B-6C1CF91B69CB}
		{89E04261-408E-4F85-89AF-4D903B794560} = {64F5E1A3-FD66-4A7B-B88B-6C1CF91B69CB}
		{93E77EA7-9207-4CA5-8342-4388D1950A4C} = {64F5E1A3-FD66-4A7B-B88B-6C1CF91B69CB}
		{0DC275BF-2075-4E54-9DB4-A2AE3853BA0E} = {64F5E1A3-FD66-4A7B-B88B-6C1CF91B69CB}
	EndGlobalSection
	GlobalSection(ExtensibilityGlobals) = postSolution
		SolutionGuid = {160DBCBD-4058-4CBC-A5EB-BCA28F41DCF0}
	EndGlobalSection
EndGlobal
